
Microsoft Visual Studio Solution File, Format Version 12.00
# Visual Studio Version 16
VisualStudioVersion = 16.0.32126.315
MinimumVisualStudioVersion = 10.0.40219.1
Project("{FAE04EC0-301F-11D3-BF4B-00C04F79EFBC}") = "RockBand", "RockBand\RockBand.csproj", "{F26E2D7F-5DAC-4000-A9DA-3476F4477647}"
EndProject
Global
	GlobalSection(SolutionConfigurationPlatforms) = preSolution
		Debug|Any CPU = Debug|Any CPU
		Release|Any CPU = Release|Any CPU
	EndGlobalSection
	GlobalSection(ProjectConfigurationPlatforms) = postSolution
		{F26E2D7F-5DAC-4000-A9DA-3476F4477647}.Debug|Any CPU.ActiveCfg = Debug|Any CPU
		{F26E2D7F-5DAC-4000-A9DA-3476F4477647}.Debug|Any CPU.Build.0 = Debug|Any CPU
		{F26E2D7F-5DAC-4000-A9DA-3476F4477647}.Release|Any CPU.ActiveCfg = Release|Any CPU
		{F26E2D7F-5DAC-4000-A9DA-3476F4477647}.Release|Any CPU.Build.0 = Release|Any CPU
	EndGlobalSection
	GlobalSection(SolutionProperties) = preSolution
		HideSolutionNode = FALSE
	EndGlobalSection
	GlobalSection(ExtensibilityGlobals) = postSolution
		SolutionGuid = {E20DD82C-6498-44E9-92F4-71B630240DC0}
	EndGlobalSection
EndGlobal
